{
  "name": "axim-connect-sdk",
  "version": "0.0.0",
  "lockfileVersion": 3,
  "requires": true,
  "packages": {
    "": {
      "name": "axim-connect-sdk",
      "version": "0.0.0",
      "license": "MIT",
      "workspaces": [
        "packages/*"
      ],
      "devDependencies": {
        "typescript": "^5.5.0"
      }
    },
    "node_modules/@axim-one/connect": {
      "resolved": "packages/connect",
      "link": true
    },
    "node_modules/@axim-one/connect-alphasec": {
      "resolved": "packages/connect-alphasec",
      "link": true
    },
    "node_modules/@scure/bip32": {
      "version": "1.7.0",
      "license": "MIT",
      "dependencies": {
        "@noble/curves": "~1.9.0",
        "@noble/hashes": "~1.8.0",
        "@scure/base": "~1.2.5"
      },
      "funding": {
        "url": "https://paulmillr.com/funding/"
      }
    },
    "node_modules/@scure/bip39": {
      "version": "1.6.0",
      "license": "MIT",
      "dependencies": {
        "@noble/hashes": "~1.8.0",
        "@scure/base": "~1.2.5"
      },
      "funding": {
        "url": "https://paulmillr.com/funding/"
      }
    },
    "node_modules/@scure/bip39/node_modules/@noble/hashes": {
      "version": "1.8.0",
      "license": "MIT",
      "engines": {
        "node": "^14.21.3 || >=16"
      },
      "funding": {
        "url": "https://paulmillr.com/funding/"
      }
    },
    "node_modules/@scure/bip39/node_modules/@scure/base": {
      "version": "1.2.6",
      "license": "MIT",
      "funding": {
        "url": "https://paulmillr.com/funding/"
      }
    },
    "node_modules/@walletconnect/events": {
      "version": "1.0.1",
      "license": "MIT",
      "peer": true,
      "dependencies": {
        "keyvaluestorage-interface": "^1.0.0",
        "tslib": "1.14.1"
      }
    },
    "node_modules/@walletconnect/events/node_modules/tslib": {
      "version": "1.14.1",
      "license": "0BSD",
      "peer": true
    },
    "node_modules/@walletconnect/jsonrpc-http-connection": {
      "version": "1.0.8",
      "license": "MIT",
      "peer": true,
      "dependencies": {
        "@walletconnect/jsonrpc-utils": "^1.0.6",
        "@walletconnect/safe-json": "^1.0.1",
        "cross-fetch": "^3.1.4",
        "events": "^3.3.0"
      }
    },
    "node_modules/@walletconnect/jsonrpc-http-connection/node_modules/@walletconnect/safe-json": {
      "version": "1.0.2",
      "license": "MIT",
      "peer": true,
      "dependencies": {
        "tslib": "1.14.1"
      }
    },
    "node_modules/@walletconnect/jsonrpc-http-connection/node_modules/cross-fetch": {
      "version": "3.2.0",
      "license": "MIT",
      "peer": true,
      "dependencies": {
        "node-fetch": "^2.7.0"
      }
    },
    "node_modules/@walletconnect/jsonrpc-http-connection/node_modules/tslib": {
      "version": "1.14.1",
      "license": "0BSD",
      "peer": true
    },
    "node_modules/@walletconnect/jsonrpc-provider": {
      "version": "1.0.14",
      "license": "MIT",
      "peer": true,
      "dependencies": {
        "@walletconnect/jsonrpc-utils": "^1.0.8",
        "@walletconnect/safe-json": "^1.0.2",
        "events": "^3.3.0"
      }
    },
    "node_modules/@walletconnect/jsonrpc-provider/node_modules/@walletconnect/safe-json": {
      "version": "1.0.2",
      "license": "MIT",
      "peer": true,
      "dependencies": {
        "tslib": "1.14.1"
      }
    },
    "node_modules/@walletconnect/jsonrpc-provider/node_modules/tslib": {
      "version": "1.14.1",
      "license": "0BSD",
      "peer": true
    },
    "node_modules/@walletconnect/jsonrpc-types": {
      "version": "1.0.4",
      "license": "MIT",
      "peer": true,
      "dependencies": {
        "events": "^3.3.0",
        "keyvaluestorage-interface": "^1.0.0"
      }
    },
    "node_modules/@walletconnect/jsonrpc-utils": {
      "version": "1.0.8",
      "license": "MIT",
      "peer": true,
      "dependencies": {
        "@walletconnect/environment": "^1.0.1",
        "@walletconnect/jsonrpc-types": "^1.0.3",
        "tslib": "1.14.1"
      }
    },
    "node_modules/@walletconnect/jsonrpc-utils/node_modules/@walletconnect/environment": {
      "version": "1.0.1",
      "license": "MIT",
      "peer": true,
      "dependencies": {
        "tslib": "1.14.1"
      }
    },
    "node_modules/@walletconnect/jsonrpc-utils/node_modules/tslib": {
      "version": "1.14.1",
      "license": "0BSD",
      "peer": true
    },
    "node_modules/@walletconnect/keyvaluestorage": {
      "version": "1.1.1",
      "license": "MIT",
      "peer": true,
      "dependencies": {
        "@walletconnect/safe-json": "^1.0.1",
        "idb-keyval": "^6.2.1",
        "unstorage": "^1.9.0"
      },
      "peerDependencies": {
        "@react-native-async-storage/async-storage": "1.x"
      },
      "peerDependenciesMeta": {
        "@react-native-async-storage/async-storage": {
          "optional": true
        }
      }
    },
    "node_modules/@walletconnect/keyvaluestorage/node_modules/@walletconnect/safe-json": {
      "version": "1.0.2",
      "license": "MIT",
      "peer": true,
      "dependencies": {
        "tslib": "1.14.1"
      }
    },
    "node_modules/@walletconnect/keyvaluestorage/node_modules/idb-keyval": {
      "version": "6.2.6",
      "license": "Apache-2.0",
      "peer": true
    },
    "node_modules/@walletconnect/keyvaluestorage/node_modules/lru-cache": {
      "version": "11.5.1",
      "license": "BlueOak-1.0.0",
      "peer": true,
      "engines": {
        "node": "20 || >=22"
      }
    },
    "node_modules/@walletconnect/keyvaluestorage/node_modules/node-fetch-native": {
      "version": "1.6.7",
      "license": "MIT",
      "peer": true
    },
    "node_modules/@walletconnect/keyvaluestorage/node_modules/tslib": {
      "version": "1.14.1",
      "license": "0BSD",
      "peer": true
    },
    "node_modules/@walletconnect/keyvaluestorage/node_modules/unstorage": {
      "version": "1.17.5",
      "license": "MIT",
      "peer": true,
      "dependencies": {
        "anymatch": "^3.1.3",
        "chokidar": "^5.0.0",
        "destr": "^2.0.5",
        "h3": "^1.15.10",
        "lru-cache": "^11.2.7",
        "node-fetch-native": "^1.6.7",
        "ofetch": "^1.5.1",
        "ufo": "^1.6.3"
      },
      "peerDependencies": {
        "@azure/app-configuration": "^1.8.0",
        "@azure/cosmos": "^4.2.0",
        "@azure/data-tables": "^13.3.0",
        "@azure/identity": "^4.6.0",
        "@azure/keyvault-secrets": "^4.9.0",
        "@azure/storage-blob": "^12.26.0",
        "@capacitor/preferences": "^6 || ^7 || ^8",
        "@deno/kv": ">=0.9.0",
        "@netlify/blobs": "^6.5.0 || ^7.0.0 || ^8.1.0 || ^9.0.0 || ^10.0.0",
        "@planetscale/database": "^1.19.0",
        "@upstash/redis": "^1.34.3",
        "@vercel/blob": ">=0.27.1",
        "@vercel/functions": "^2.2.12 || ^3.0.0",
        "@vercel/kv": "^1 || ^2 || ^3",
        "aws4fetch": "^1.0.20",
        "db0": ">=0.2.1",
        "idb-keyval": "^6.2.1",
        "ioredis": "^5.4.2",
        "uploadthing": "^7.4.4"
      },
      "peerDependenciesMeta": {
        "@azure/app-configuration": {
          "optional": true
        },
        "@azure/cosmos": {
          "optional": true
        },
        "@azure/data-tables": {
          "optional": true
        },
        "@azure/identity": {
          "optional": true
        },
        "@azure/keyvault-secrets": {
          "optional": true
        },
        "@azure/storage-blob": {
          "optional": true
        },
        "@capacitor/preferences": {
          "optional": true
        },
        "@deno/kv": {
          "optional": true
        },
        "@netlify/blobs": {
          "optional": true
        },
        "@planetscale/database": {
          "optional": true
        },
        "@upstash/redis": {
          "optional": true
        },
        "@vercel/blob": {
          "optional": true
        },
        "@vercel/functions": {
          "optional": true
        },
        "@vercel/kv": {
          "optional": true
        },
        "aws4fetch": {
          "optional": true
        },
        "db0": {
          "optional": true
        },
        "idb-keyval": {
          "optional": true
        },
        "ioredis": {
          "optional": true
        },
        "uploadthing": {
          "optional": true
        }
      }
    },
    "node_modules/@walletconnect/logger": {
      "version": "3.0.2",
      "license": "MIT",
      "peer": true,
      "dependencies": {
        "@walletconnect/safe-json": "^1.0.2",
        "pino": "10.0.0"
      }
    },
    "node_modules/@walletconnect/logger/node_modules/@walletconnect/safe-json": {
      "version": "1.0.2",
      "license": "MIT",
      "peer": true,
      "dependencies": {
        "tslib": "1.14.1"
      }
    },
    "node_modules/@walletconnect/logger/node_modules/on-exit-leak-free": {
      "version": "2.1.2",
      "license": "MIT",
      "peer": true,
      "engines": {
        "node": ">=14.0.0"
      }
    },
    "node_modules/@walletconnect/logger/node_modules/pino": {
      "version": "10.0.0",
      "license": "MIT",
      "peer": true,
      "dependencies": {
        "atomic-sleep": "^1.0.0",
        "on-exit-leak-free": "^2.1.0",
        "pino-abstract-transport": "^2.0.0",
        "pino-std-serializers": "^7.0.0",
        "process-warning": "^5.0.0",
        "quick-format-unescaped": "^4.0.3",
        "real-require": "^0.2.0",
        "safe-stable-stringify": "^2.3.1",
        "slow-redact": "^0.3.0",
        "sonic-boom": "^4.0.1",
        "thread-stream": "^3.0.0"
      },
      "bin": {
        "pino": "bin.js"
      }
    },
    "node_modules/@walletconnect/logger/node_modules/pino-abstract-transport": {
      "version": "2.0.0",
      "license": "MIT",
      "peer": true,
      "dependencies": {
        "split2": "^4.0.0"
      }
    },
    "node_modules/@walletconnect/logger/node_modules/pino-std-serializers": {
      "version": "7.1.0",
      "license": "MIT",
      "peer": true
    },
    "node_modules/@walletconnect/logger/node_modules/process-warning": {
      "version": "5.0.0",
      "funding": [
        {
          "type": "github",
          "url": "https://github.com/sponsors/fastify"
        },
        {
          "type": "opencollective",
          "url": "https://opencollective.com/fastify"
        }
      ],
      "license": "MIT",
      "peer": true
    },
    "node_modules/@walletconnect/logger/node_modules/slow-redact": {
      "version": "0.3.2",
      "license": "MIT",
      "peer": true
    },
    "node_modules/@walletconnect/logger/node_modules/sonic-boom": {
      "version": "4.2.1",
      "license": "MIT",
      "peer": true,
      "dependencies": {
        "atomic-sleep": "^1.0.0"
      }
    },
    "node_modules/@walletconnect/logger/node_modules/thread-stream": {
      "version": "3.2.0",
      "license": "MIT",
      "peer": true,
      "dependencies": {
        "real-require": "^0.2.0"
      }
    },
    "node_modules/@walletconnect/logger/node_modules/tslib": {
      "version": "1.14.1",
      "license": "0BSD",
      "peer": true
    },
    "node_modules/@walletconnect/sign-client": {
      "version": "2.23.10",
      "license": "SEE LICENSE IN LICENSE.md",
      "peer": true,
      "dependencies": {
        "@walletconnect/core": "2.23.10",
        "@walletconnect/jsonrpc-utils": "1.0.8",
        "@walletconnect/logger": "3.0.2",
        "@walletconnect/time": "1.0.2",
        "@walletconnect/types": "2.23.10",
        "@walletconnect/utils": "2.23.10",
        "events": "3.3.0"
      }
    },
    "node_modules/@walletconnect/sign-client/node_modules/@noble/curves": {
      "version": "1.8.0",
      "license": "MIT",
      "peer": true,
      "dependencies": {
        "@noble/hashes": "1.7.0"
      },
      "engines": {
        "node": "^14.21.3 || >=16"
      },
      "funding": {
        "url": "https://paulmillr.com/funding/"
      }
    },
    "node_modules/@walletconnect/sign-client/node_modules/@noble/hashes": {
      "version": "1.7.0",
      "license": "MIT",
      "peer": true,
      "engines": {
        "node": "^14.21.3 || >=16"
      },
      "funding": {
        "url": "https://paulmillr.com/funding/"
      }
    },
    "node_modules/@walletconnect/sign-client/node_modules/@walletconnect/core": {
      "version": "2.23.10",
      "license": "SEE LICENSE IN LICENSE.md",
      "peer": true,
      "dependencies": {
        "@walletconnect/heartbeat": "1.2.2",
        "@walletconnect/jsonrpc-provider": "1.0.14",
        "@walletconnect/jsonrpc-types": "1.0.4",
        "@walletconnect/jsonrpc-utils": "1.0.8",
        "@walletconnect/jsonrpc-ws-connection": "1.0.16",
        "@walletconnect/keyvaluestorage": "1.1.1",
        "@walletconnect/logger": "3.0.2",
        "@walletconnect/relay-api": "1.0.11",
        "@walletconnect/relay-auth": "1.1.0",
        "@walletconnect/safe-json": "1.0.2",
        "@walletconnect/time": "1.0.2",
        "@walletconnect/types": "2.23.10",
        "@walletconnect/utils": "2.23.10",
        "@walletconnect/window-getters": "1.0.1",
        "es-toolkit": "1.45.1",
        "events": "3.3.0",
        "uint8arrays": "3.1.1"
      },
      "engines": {
        "node": ">=18.20.8"
      }
    },
    "node_modules/@walletconnect/sign-client/node_modules/@walletconnect/heartbeat": {
      "version": "1.2.2",
      "license": "MIT",
      "peer": true,
      "dependencies": {
        "@walletconnect/events": "^1.0.1",
        "@walletconnect/time": "^1.0.2",
        "events": "^3.3.0"
      }
    },
    "node_modules/@walletconnect/sign-client/node_modules/@walletconnect/jsonrpc-ws-connection": {
      "version": "1.0.16",
      "license": "MIT",
      "peer": true,
      "dependencies": {
        "@walletconnect/jsonrpc-utils": "^1.0.6",
        "@walletconnect/safe-json": "^1.0.2",
        "events": "^3.3.0",
        "ws": "^7.5.1"
      }
    },
    "node_modules/@walletconnect/sign-client/node_modules/@walletconnect/relay-api": {
      "version": "1.0.11",
      "license": "MIT",
      "peer": true,
      "dependencies": {
        "@walletconnect/jsonrpc-types": "^1.0.2"
      }
    },
    "node_modules/@walletconnect/sign-client/node_modules/@walletconnect/relay-auth": {
      "version": "1.1.0",
      "license": "MIT",
      "peer": true,
      "dependencies": {
        "@noble/curves": "1.8.0",
        "@noble/hashes": "1.7.0",
        "@walletconnect/safe-json": "^1.0.1",
        "@walletconnect/time": "^1.0.2",
        "uint8arrays": "^3.0.0"
      }
    },
    "node_modules/@walletconnect/sign-client/node_modules/@walletconnect/safe-json": {
      "version": "1.0.2",
      "license": "MIT",
      "peer": true,
      "dependencies": {
        "tslib": "1.14.1"
      }
    },
    "node_modules/@walletconnect/sign-client/node_modules/@walletconnect/time": {
      "version": "1.0.2",
      "license": "MIT",
      "peer": true,
      "dependencies": {
        "tslib": "1.14.1"
      }
    },
    "node_modules/@walletconnect/sign-client/node_modules/multiformats": {
      "version": "9.9.0",
      "license": "(Apache-2.0 AND MIT)",
      "peer": true
    },
    "node_modules/@walletconnect/sign-client/node_modules/tslib": {
      "version": "1.14.1",
      "license": "0BSD",
      "peer": true
    },
    "node_modules/@walletconnect/sign-client/node_modules/uint8arrays": {
      "version": "3.1.1",
      "license": "MIT",
      "peer": true,
      "dependencies": {
        "multiformats": "^9.4.2"
      }
    },
    "node_modules/@walletconnect/sign-client/node_modules/ws": {
      "version": "7.5.11",
      "license": "MIT",
      "peer": true,
      "engines": {
        "node": ">=8.3.0"
      },
      "peerDependencies": {
        "bufferutil": "^4.0.1",
        "utf-8-validate": "^5.0.2"
      },
      "peerDependenciesMeta": {
        "bufferutil": {
          "optional": true
        },
        "utf-8-validate": {
          "optional": true
        }
      }
    },
    "node_modules/@walletconnect/types": {
      "version": "2.23.10",
      "license": "SEE LICENSE IN LICENSE.md",
      "peer": true,
      "dependencies": {
        "@walletconnect/events": "1.0.1",
        "@walletconnect/heartbeat": "1.2.2",
        "@walletconnect/jsonrpc-types": "1.0.4",
        "@walletconnect/keyvaluestorage": "1.1.1",
        "@walletconnect/logger": "3.0.2",
        "events": "3.3.0"
      }
    },
    "node_modules/@walletconnect/types/node_modules/@walletconnect/heartbeat": {
      "version": "1.2.2",
      "license": "MIT",
      "peer": true,
      "dependencies": {
        "@walletconnect/events": "^1.0.1",
        "@walletconnect/time": "^1.0.2",
        "events": "^3.3.0"
      }
    },
    "node_modules/@walletconnect/types/node_modules/@walletconnect/time": {
      "version": "1.0.2",
      "license": "MIT",
      "peer": true,
      "dependencies": {
        "tslib": "1.14.1"
      }
    },
    "node_modules/@walletconnect/types/node_modules/tslib": {
      "version": "1.14.1",
      "license": "0BSD",
      "peer": true
    },
    "node_modules/@walletconnect/universal-provider": {
      "version": "2.23.10",
      "license": "SEE LICENSE IN LICENSE.md",
      "peer": true,
      "dependencies": {
        "@walletconnect/events": "1.0.1",
        "@walletconnect/jsonrpc-http-connection": "1.0.8",
        "@walletconnect/jsonrpc-provider": "1.0.14",
        "@walletconnect/jsonrpc-types": "1.0.4",
        "@walletconnect/jsonrpc-utils": "1.0.8",
        "@walletconnect/keyvaluestorage": "1.1.1",
        "@walletconnect/logger": "3.0.2",
        "@walletconnect/sign-client": "2.23.10",
        "@walletconnect/types": "2.23.10",
        "@walletconnect/utils": "2.23.10",
        "es-toolkit": "1.45.1",
        "events": "3.3.0"
      }
    },
    "node_modules/@walletconnect/utils": {
      "version": "2.23.10",
      "license": "SEE LICENSE IN LICENSE.md",
      "peer": true,
      "dependencies": {
        "@msgpack/msgpack": "3.1.3",
        "@noble/ciphers": "1.3.0",
        "@noble/curves": "1.9.7",
        "@noble/hashes": "1.8.0",
        "@scure/base": "1.2.6",
        "@walletconnect/jsonrpc-utils": "1.0.8",
        "@walletconnect/keyvaluestorage": "1.1.1",
        "@walletconnect/logger": "3.0.2",
        "@walletconnect/relay-api": "1.0.11",
        "@walletconnect/relay-auth": "1.1.0",
        "@walletconnect/safe-json": "1.0.2",
        "@walletconnect/time": "1.0.2",
        "@walletconnect/types": "2.23.10",
        "@walletconnect/window-getters": "1.0.1",
        "@walletconnect/window-metadata": "1.0.1",
        "blakejs": "1.2.1",
        "detect-browser": "5.3.0",
        "ox": "0.9.3",
        "uint8arrays": "3.1.1"
      }
    },
    "node_modules/@walletconnect/utils/node_modules/@adraffy/ens-normalize": {
      "version": "1.11.1",
      "license": "MIT",
      "peer": true
    },
    "node_modules/@walletconnect/utils/node_modules/@msgpack/msgpack": {
      "version": "3.1.3",
      "license": "ISC",
      "peer": true,
      "engines": {
        "node": ">= 18"
      }
    },
    "node_modules/@walletconnect/utils/node_modules/@noble/ciphers": {
      "version": "1.3.0",
      "license": "MIT",
      "peer": true,
      "engines": {
        "node": "^14.21.3 || >=16"
      },
      "funding": {
        "url": "https://paulmillr.com/funding/"
      }
    },
    "node_modules/@walletconnect/utils/node_modules/@noble/curves": {
      "version": "1.9.7",
      "license": "MIT",
      "peer": true,
      "dependencies": {
        "@noble/hashes": "1.8.0"
      },
      "engines": {
        "node": "^14.21.3 || >=16"
      },
      "funding": {
        "url": "https://paulmillr.com/funding/"
      }
    },
    "node_modules/@walletconnect/utils/node_modules/@noble/hashes": {
      "version": "1.8.0",
      "license": "MIT",
      "peer": true,
      "engines": {
        "node": "^14.21.3 || >=16"
      },
      "funding": {
        "url": "https://paulmillr.com/funding/"
      }
    },
    "node_modules/@walletconnect/utils/node_modules/@scure/base": {
      "version": "1.2.6",
      "license": "MIT",
      "peer": true,
      "funding": {
        "url": "https://paulmillr.com/funding/"
      }
    },
    "node_modules/@walletconnect/utils/node_modules/@walletconnect/relay-api": {
      "version": "1.0.11",
      "license": "MIT",
      "peer": true,
      "dependencies": {
        "@walletconnect/jsonrpc-types": "^1.0.2"
      }
    },
    "node_modules/@walletconnect/utils/node_modules/@walletconnect/relay-auth": {
      "version": "1.1.0",
      "license": "MIT",
      "peer": true,
      "dependencies": {
        "@noble/curves": "1.8.0",
        "@noble/hashes": "1.7.0",
        "@walletconnect/safe-json": "^1.0.1",
        "@walletconnect/time": "^1.0.2",
        "uint8arrays": "^3.0.0"
      }
    },
    "node_modules/@walletconnect/utils/node_modules/@walletconnect/relay-auth/node_modules/@noble/curves": {
      "version": "1.8.0",
      "license": "MIT",
      "peer": true,
      "dependencies": {
        "@noble/hashes": "1.7.0"
      },
      "engines": {
        "node": "^14.21.3 || >=16"
      },
      "funding": {
        "url": "https://paulmillr.com/funding/"
      }
    },
    "node_modules/@walletconnect/utils/node_modules/@walletconnect/relay-auth/node_modules/@noble/hashes": {
      "version": "1.7.0",
      "license": "MIT",
      "peer": true,
      "engines": {
        "node": "^14.21.3 || >=16"
      },
      "funding": {
        "url": "https://paulmillr.com/funding/"
      }
    },
    "node_modules/@walletconnect/utils/node_modules/@walletconnect/safe-json": {
      "version": "1.0.2",
      "license": "MIT",
      "peer": true,
      "dependencies": {
        "tslib": "1.14.1"
      }
    },
    "node_modules/@walletconnect/utils/node_modules/@walletconnect/time": {
      "version": "1.0.2",
      "license": "MIT",
      "peer": true,
      "dependencies": {
        "tslib": "1.14.1"
      }
    },
    "node_modules/@walletconnect/utils/node_modules/abitype": {
      "version": "1.2.4",
      "license": "MIT",
      "peer": true,
      "funding": {
        "url": "https://github.com/sponsors/wevm"
      },
      "peerDependencies": {
        "typescript": ">=5.0.4",
        "zod": "^3.22.0 || ^4.0.0"
      },
      "peerDependenciesMeta": {
        "typescript": {
          "optional": true
        },
        "zod": {
          "optional": true
        }
      }
    },
    "node_modules/@walletconnect/utils/node_modules/multiformats": {
      "version": "9.9.0",
      "license": "(Apache-2.0 AND MIT)",
      "peer": true
    },
    "node_modules/@walletconnect/utils/node_modules/ox": {
      "version": "0.9.3",
      "funding": [
        {
          "type": "github",
          "url": "https://github.com/sponsors/wevm"
        }
      ],
      "license": "MIT",
      "peer": true,
      "dependencies": {
        "@adraffy/ens-normalize": "^1.11.0",
        "@noble/ciphers": "^1.3.0",
        "@noble/curves": "1.9.1",
        "@noble/hashes": "^1.8.0",
        "@scure/bip32": "^1.7.0",
        "@scure/bip39": "^1.6.0",
        "abitype": "^1.0.9",
        "eventemitter3": "5.0.1"
      },
      "peerDependencies": {
        "typescript": ">=5.4.0"
      },
      "peerDependenciesMeta": {
        "typescript": {
          "optional": true
        }
      }
    },
    "node_modules/@walletconnect/utils/node_modules/ox/node_modules/@noble/curves": {
      "version": "1.9.1",
      "license": "MIT",
      "peer": true,
      "dependencies": {
        "@noble/hashes": "1.8.0"
      },
      "engines": {
        "node": "^14.21.3 || >=16"
      },
      "funding": {
        "url": "https://paulmillr.com/funding/"
      }
    },
    "node_modules/@walletconnect/utils/node_modules/tslib": {
      "version": "1.14.1",
      "license": "0BSD",
      "peer": true
    },
    "node_modules/@walletconnect/utils/node_modules/uint8arrays": {
      "version": "3.1.1",
      "license": "MIT",
      "peer": true,
      "dependencies": {
        "multiformats": "^9.4.2"
      }
    },
    "node_modules/@walletconnect/window-getters": {
      "version": "1.0.1",
      "license": "MIT",
      "peer": true,
      "dependencies": {
        "tslib": "1.14.1"
      }
    },
    "node_modules/@walletconnect/window-metadata": {
      "version": "1.0.1",
      "license": "MIT",
      "peer": true,
      "dependencies": {
        "@walletconnect/window-getters": "^1.0.1",
        "tslib": "1.14.1"
      }
    },
    "node_modules/anymatch": {
      "version": "3.1.3",
      "license": "ISC",
      "peer": true,
      "dependencies": {
        "normalize-path": "^3.0.0",
        "picomatch": "^2.0.4"
      },
      "engines": {
        "node": ">= 8"
      }
    },
    "node_modules/atomic-sleep": {
      "version": "1.0.0",
      "license": "MIT",
      "peer": true,
      "engines": {
        "node": ">=8.0.0"
      }
    },
    "node_modules/blakejs": {
      "version": "1.2.1",
      "license": "MIT",
      "peer": true
    },
    "node_modules/chokidar": {
      "version": "5.0.0",
      "license": "MIT",
      "peer": true,
      "dependencies": {
        "readdirp": "^5.0.0"
      },
      "engines": {
        "node": ">= 20.19.0"
      },
      "funding": {
        "url": "https://paulmillr.com/funding/"
      }
    },
    "node_modules/cookie-es": {
      "version": "1.2.3",
      "license": "MIT",
      "peer": true
    },
    "node_modules/crossws": {
      "version": "0.3.5",
      "license": "MIT",
      "peer": true,
      "dependencies": {
        "uncrypto": "^0.1.3"
      }
    },
    "node_modules/defu": {
      "version": "6.1.7",
      "license": "MIT",
      "peer": true
    },
    "node_modules/destr": {
      "version": "2.0.5",
      "license": "MIT",
      "peer": true
    },
    "node_modules/detect-browser": {
      "version": "5.3.0",
      "license": "MIT",
      "peer": true
    },
    "node_modules/es-toolkit": {
      "version": "1.45.1",
      "license": "MIT",
      "peer": true,
      "workspaces": [
        "docs",
        "benchmarks"
      ]
    },
    "node_modules/eventemitter3": {
      "version": "5.0.1",
      "license": "MIT"
    },
    "node_modules/events": {
      "version": "3.3.0",
      "license": "MIT",
      "peer": true,
      "engines": {
        "node": ">=0.8.x"
      }
    },
    "node_modules/h3": {
      "version": "1.15.11",
      "license": "MIT",
      "peer": true,
      "dependencies": {
        "cookie-es": "^1.2.3",
        "crossws": "^0.3.5",
        "defu": "^6.1.6",
        "destr": "^2.0.5",
        "iron-webcrypto": "^1.2.1",
        "node-mock-http": "^1.0.4",
        "radix3": "^1.1.2",
        "ufo": "^1.6.3",
        "uncrypto": "^0.1.3"
      }
    },
    "node_modules/iron-webcrypto": {
      "version": "1.2.1",
      "license": "MIT",
      "peer": true,
      "funding": {
        "url": "https://github.com/sponsors/brc-dd"
      }
    },
    "node_modules/isows": {
      "version": "1.0.7",
      "funding": [
        {
          "type": "github",
          "url": "https://github.com/sponsors/wevm"
        }
      ],
      "license": "MIT",
      "peerDependencies": {
        "ws": "*"
      }
    },
    "node_modules/keyvaluestorage-interface": {
      "version": "1.0.0",
      "license": "MIT",
      "peer": true
    },
    "node_modules/node-fetch": {
      "version": "2.7.0",
      "license": "MIT",
      "peer": true,
      "dependencies": {
        "whatwg-url": "^5.0.0"
      },
      "engines": {
        "node": "4.x || >=6.0.0"
      },
      "peerDependencies": {
        "encoding": "^0.1.0"
      },
      "peerDependenciesMeta": {
        "encoding": {
          "optional": true
        }
      }
    },
    "node_modules/normalize-path": {
      "version": "3.0.0",
      "license": "MIT",
      "peer": true,
      "engines": {
        "node": ">=0.10.0"
      }
    },
    "node_modules/ofetch": {
      "version": "1.5.1",
      "license": "MIT",
      "peer": true,
      "dependencies": {
        "destr": "^2.0.5",
        "node-fetch-native": "^1.6.7",
        "ufo": "^1.6.1"
      }
    },
    "node_modules/picomatch": {
      "version": "2.3.2",
      "license": "MIT",
      "peer": true,
      "engines": {
        "node": ">=8.6"
      },
      "funding": {
        "url": "https://github.com/sponsors/jonschlinkert"
      }
    },
    "node_modules/quick-format-unescaped": {
      "version": "4.0.4",
      "license": "MIT",
      "peer": true
    },
    "node_modules/radix3": {
      "version": "1.1.2",
      "license": "MIT",
      "peer": true
    },
    "node_modules/readdirp": {
      "version": "5.0.0",
      "license": "MIT",
      "peer": true,
      "engines": {
        "node": ">= 20.19.0"
      },
      "funding": {
        "type": "individual",
        "url": "https://paulmillr.com/funding/"
      }
    },
    "node_modules/real-require": {
      "version": "0.2.0",
      "license": "MIT",
      "peer": true,
      "engines": {
        "node": ">= 12.13.0"
      }
    },
    "node_modules/safe-stable-stringify": {
      "version": "2.5.0",
      "license": "MIT",
      "peer": true,
      "engines": {
        "node": ">=10"
      }
    },
    "node_modules/split2": {
      "version": "4.2.0",
      "license": "ISC",
      "peer": true,
      "engines": {
        "node": ">= 10.x"
      }
    },
    "node_modules/tr46": {
      "version": "0.0.3",
      "license": "MIT",
      "peer": true
    },
    "node_modules/typescript": {
      "version": "5.5.4",
      "devOptional": true,
      "license": "Apache-2.0",
      "bin": {
        "tsc": "bin/tsc",
        "tsserver": "bin/tsserver"
      },
      "engines": {
        "node": ">=14.17"
      }
    },
    "node_modules/ufo": {
      "version": "1.6.4",
      "license": "MIT",
      "peer": true
    },
    "node_modules/uncrypto": {
      "version": "0.1.3",
      "license": "MIT",
      "peer": true
    },
    "node_modules/viem": {
      "version": "2.53.1",
      "funding": [
        {
          "type": "github",
          "url": "https://github.com/sponsors/wevm"
        }
      ],
      "license": "MIT",
      "dependencies": {
        "@noble/curves": "1.9.1",
        "@noble/hashes": "1.8.0",
        "@scure/bip32": "1.7.0",
        "@scure/bip39": "1.6.0",
        "abitype": "1.2.3",
        "isows": "1.0.7",
        "ox": "0.14.29",
        "ws": "8.20.1"
      },
      "peerDependencies": {
        "typescript": ">=5.0.4"
      },
      "peerDependenciesMeta": {
        "typescript": {
          "optional": true
        }
      }
    },
    "node_modules/viem/node_modules/@adraffy/ens-normalize": {
      "version": "1.11.1",
      "license": "MIT"
    },
    "node_modules/viem/node_modules/@noble/ciphers": {
      "version": "1.3.0",
      "license": "MIT",
      "engines": {
        "node": "^14.21.3 || >=16"
      },
      "funding": {
        "url": "https://paulmillr.com/funding/"
      }
    },
    "node_modules/viem/node_modules/@noble/curves": {
      "version": "1.9.1",
      "license": "MIT",
      "dependencies": {
        "@noble/hashes": "1.8.0"
      },
      "engines": {
        "node": "^14.21.3 || >=16"
      },
      "funding": {
        "url": "https://paulmillr.com/funding/"
      }
    },
    "node_modules/viem/node_modules/@noble/hashes": {
      "version": "1.8.0",
      "license": "MIT",
      "engines": {
        "node": "^14.21.3 || >=16"
      },
      "funding": {
        "url": "https://paulmillr.com/funding/"
      }
    },
    "node_modules/viem/node_modules/abitype": {
      "version": "1.2.3",
      "license": "MIT",
      "funding": {
        "url": "https://github.com/sponsors/wevm"
      },
      "peerDependencies": {
        "typescript": ">=5.0.4",
        "zod": "^3.22.0 || ^4.0.0"
      },
      "peerDependenciesMeta": {
        "typescript": {
          "optional": true
        },
        "zod": {
          "optional": true
        }
      }
    },
    "node_modules/viem/node_modules/ox": {
      "version": "0.14.29",
      "funding": [
        {
          "type": "github",
          "url": "https://github.com/sponsors/wevm"
        }
      ],
      "license": "MIT",
      "dependencies": {
        "@adraffy/ens-normalize": "^1.11.0",
        "@noble/ciphers": "^1.3.0",
        "@noble/curves": "1.9.1",
        "@noble/hashes": "^1.8.0",
        "@scure/bip32": "^1.7.0",
        "@scure/bip39": "^1.6.0",
        "abitype": "^1.2.3",
        "eventemitter3": "5.0.1"
      },
      "peerDependencies": {
        "typescript": ">=5.4.0"
      },
      "peerDependenciesMeta": {
        "typescript": {
          "optional": true
        }
      }
    },
    "node_modules/viem/node_modules/ws": {
      "version": "8.20.1",
      "license": "MIT",
      "engines": {
        "node": ">=10.0.0"
      },
      "peerDependencies": {
        "bufferutil": "^4.0.1",
        "utf-8-validate": ">=5.0.2"
      },
      "peerDependenciesMeta": {
        "bufferutil": {
          "optional": true
        },
        "utf-8-validate": {
          "optional": true
        }
      }
    },
    "node_modules/webidl-conversions": {
      "version": "3.0.1",
      "license": "BSD-2-Clause",
      "peer": true
    },
    "node_modules/whatwg-url": {
      "version": "5.0.0",
      "license": "MIT",
      "peer": true,
      "dependencies": {
        "tr46": "~0.0.3",
        "webidl-conversions": "^3.0.0"
      }
    },
    "packages/connect": {
      "name": "@axim-one/connect",
      "version": "0.1.1",
      "license": "MIT",
      "peerDependencies": {
        "@rainbow-me/rainbowkit": ">=2",
        "@walletconnect/universal-provider": ">=2",
        "viem": ">=2",
        "wagmi": ">=2"
      },
      "peerDependenciesMeta": {
        "@rainbow-me/rainbowkit": {
          "optional": true
        },
        "wagmi": {
          "optional": true
        }
      }
    },
    "packages/connect-alphasec": {
      "name": "@axim-one/connect-alphasec",
      "version": "0.1.3",
      "license": "MIT",
      "dependencies": {
        "@axim-one/connect": "^0.1.1",
        "viem": "^2"
      }
    }
  }
}
